<?xml version="1.0" encoding="utf-8"?>
<Project ToolsVersion="4.0" xmlns="http://schemas.microsoft.com/developer/msbuild/2003">
  <ItemGroup>
    <Filter Include="inc">
      <UniqueIdentifier>{1F80880B-8B89-887C-1405-9F7C800D947C}</UniqueIdentifier>
    </Filter>
    <Filter Include="src">
      <UniqueIdentifier>{2DAB880B-99B4-887C-2230-9F7C8E38947C}</UniqueIdentifier>
    </Filter>
  </ItemGroup>
  <ItemGroup>
    <ClInclude Include="inc\BlockAllocator.hpp">
      <Filter>inc</Filter>
    </ClInclude>
    <ClInclude Include="inc\Body2D.hpp">
      <Filter>inc</Filter>
    </ClInclude>
    <ClInclude Include="inc\BodyIsland.hpp">
      <Filter>inc</Filter>
    </ClInclude>
    <ClInclude Include="inc\BoxBody.hpp">
      <Filter>inc</Filter>
    </ClInclude>
    <ClInclude Include="inc\Break2D.hpp">
      <Filter>inc</Filter>
    </ClInclude>
    <ClInclude Include="inc\BroadPhase.hpp">
      <Filter>inc</Filter>
    </ClInclude>
    <ClInclude Include="inc\ChainCircleContact.hpp">
      <Filter>inc</Filter>
    </ClInclude>
    <ClInclude Include="inc\ChainPolygonContact.hpp">
      <Filter>inc</Filter>
    </ClInclude>
    <ClInclude Include="inc\ChainShape.hpp">
      <Filter>inc</Filter>
    </ClInclude>
    <ClInclude Include="inc\Chains.hpp">
      <Filter>inc</Filter>
    </ClInclude>
    <ClInclude Include="inc\CircleBody.hpp">
      <Filter>inc</Filter>
    </ClInclude>
    <ClInclude Include="inc\CircleContact.hpp">
      <Filter>inc</Filter>
    </ClInclude>
    <ClInclude Include="inc\CircleShape.hpp">
      <Filter>inc</Filter>
    </ClInclude>
    <ClInclude Include="inc\Collision.hpp">
      <Filter>inc</Filter>
    </ClInclude>
    <ClInclude Include="inc\Contact2D.hpp">
      <Filter>inc</Filter>
    </ClInclude>
    <ClInclude Include="inc\ContactManager.hpp">
      <Filter>inc</Filter>
    </ClInclude>
    <ClInclude Include="inc\ContactSolver.hpp">
      <Filter>inc</Filter>
    </ClInclude>
    <ClInclude Include="inc\Distance.hpp">
      <Filter>inc</Filter>
    </ClInclude>
    <ClInclude Include="inc\DistanceJoint.hpp">
      <Filter>inc</Filter>
    </ClInclude>
    <ClInclude Include="inc\DynamicTree.hpp">
      <Filter>inc</Filter>
    </ClInclude>
    <ClInclude Include="inc\EdgeCircleContact.hpp">
      <Filter>inc</Filter>
    </ClInclude>
    <ClInclude Include="inc\EdgePolygonContact.hpp">
      <Filter>inc</Filter>
    </ClInclude>
    <ClInclude Include="inc\EdgeShape.hpp">
      <Filter>inc</Filter>
    </ClInclude>
    <ClInclude Include="inc\Fixture.hpp">
      <Filter>inc</Filter>
    </ClInclude>
    <ClInclude Include="inc\FrictionJoint.hpp">
      <Filter>inc</Filter>
    </ClInclude>
    <ClInclude Include="inc\GearJoint.hpp">
      <Filter>inc</Filter>
    </ClInclude>
    <ClInclude Include="inc\GrowableStack.hpp">
      <Filter>inc</Filter>
    </ClInclude>
    <ClInclude Include="inc\Joint2D.hpp">
      <Filter>inc</Filter>
    </ClInclude>
    <ClInclude Include="inc\MotorJoint.hpp">
      <Filter>inc</Filter>
    </ClInclude>
    <ClInclude Include="inc\MouseJoint.hpp">
      <Filter>inc</Filter>
    </ClInclude>
    <ClInclude Include="inc\PolygonCircleContact.hpp">
      <Filter>inc</Filter>
    </ClInclude>
    <ClInclude Include="inc\PolygonContact.hpp">
      <Filter>inc</Filter>
    </ClInclude>
    <ClInclude Include="inc\PolygonShape.hpp">
      <Filter>inc</Filter>
    </ClInclude>
    <ClInclude Include="inc\PrismaticJoint.hpp">
      <Filter>inc</Filter>
    </ClInclude>
    <ClInclude Include="inc\PullyJoint.hpp">
      <Filter>inc</Filter>
    </ClInclude>
    <ClInclude Include="inc\RevoluteJoint.hpp">
      <Filter>inc</Filter>
    </ClInclude>
    <ClInclude Include="inc\RopeJoint.hpp">
      <Filter>inc</Filter>
    </ClInclude>
    <ClInclude Include="inc\Shape.hpp">
      <Filter>inc</Filter>
    </ClInclude>
    <ClInclude Include="inc\StackAllocator.hpp">
      <Filter>inc</Filter>
    </ClInclude>
    <ClInclude Include="inc\TimeOfImpact.hpp">
      <Filter>inc</Filter>
    </ClInclude>
    <ClInclude Include="inc\WeldJoint.hpp">
      <Filter>inc</Filter>
    </ClInclude>
    <ClInclude Include="inc\WheelJoint.hpp">
      <Filter>inc</Filter>
    </ClInclude>
    <ClInclude Include="inc\World2D.hpp">
      <Filter>inc</Filter>
    </ClInclude>
    <ClInclude Include="inc\WorldCallBacks.hpp">
      <Filter>inc</Filter>
    </ClInclude>
    <ClInclude Include="inc\Rotation2D.hpp">
      <Filter>inc</Filter>
    </ClInclude>
    <ClInclude Include="inc\Transform2D.hpp">
      <Filter>inc</Filter>
    </ClInclude>
    <ClInclude Include="inc\Sweep.hpp">
      <Filter>inc</Filter>
    </ClInclude>
    <ClInclude Include="inc\Profile.hpp">
      <Filter>inc</Filter>
    </ClInclude>
    <ClInclude Include="inc\PTimeStep.hpp">
      <Filter>inc</Filter>
    </ClInclude>
    <ClInclude Include="inc\PhysicsGlobals.hpp">
      <Filter>inc</Filter>
    </ClInclude>
    <ClInclude Include="inc\Physics.hpp">
      <Filter>inc</Filter>
    </ClInclude>
  </ItemGroup>
  <ItemGroup>
    <ClCompile Include="src\BlockAllocator.cpp">
      <Filter>src</Filter>
    </ClCompile>
    <ClCompile Include="src\Body2D.cpp">
      <Filter>src</Filter>
    </ClCompile>
    <ClCompile Include="src\BodyIsland.cpp">
      <Filter>src</Filter>
    </ClCompile>
    <ClCompile Include="src\BoxBody.cpp">
      <Filter>src</Filter>
    </ClCompile>
    <ClCompile Include="src\BroadPhase.cpp">
      <Filter>src</Filter>
    </ClCompile>
    <ClCompile Include="src\ChainCircleContact.cpp">
      <Filter>src</Filter>
    </ClCompile>
    <ClCompile Include="src\ChainPolygonContact.cpp">
      <Filter>src</Filter>
    </ClCompile>
    <ClCompile Include="src\ChainShape.cpp">
      <Filter>src</Filter>
    </ClCompile>
    <ClCompile Include="src\Chains.cpp">
      <Filter>src</Filter>
    </ClCompile>
    <ClCompile Include="src\CircleBody.cpp">
      <Filter>src</Filter>
    </ClCompile>
    <ClCompile Include="src\CircleCollision.cpp">
      <Filter>src</Filter>
    </ClCompile>
    <ClCompile Include="src\CircleContact.cpp">
      <Filter>src</Filter>
    </ClCompile>
    <ClCompile Include="src\CircleShape.cpp">
      <Filter>src</Filter>
    </ClCompile>
    <ClCompile Include="src\Collision.cpp">
      <Filter>src</Filter>
    </ClCompile>
    <ClCompile Include="src\Contact2D.cpp">
      <Filter>src</Filter>
    </ClCompile>
    <ClCompile Include="src\ContactManager.cpp">
      <Filter>src</Filter>
    </ClCompile>
    <ClCompile Include="src\ContactSolver.cpp">
      <Filter>src</Filter>
    </ClCompile>
    <ClCompile Include="src\Distance.cpp">
      <Filter>src</Filter>
    </ClCompile>
    <ClCompile Include="src\DistanceJoint.cpp">
      <Filter>src</Filter>
    </ClCompile>
    <ClCompile Include="src\DynamicTree.cpp">
      <Filter>src</Filter>
    </ClCompile>
    <ClCompile Include="src\EdgeCircleContact.cpp">
      <Filter>src</Filter>
    </ClCompile>
    <ClCompile Include="src\EdgeCollision.cpp">
      <Filter>src</Filter>
    </ClCompile>
    <ClCompile Include="src\EdgePolygonContact.cpp">
      <Filter>src</Filter>
    </ClCompile>
    <ClCompile Include="src\EdgeShape.cpp">
      <Filter>src</Filter>
    </ClCompile>
    <ClCompile Include="src\Fixture.cpp">
      <Filter>src</Filter>
    </ClCompile>
    <ClCompile Include="src\FrictionJoint.cpp">
      <Filter>src</Filter>
    </ClCompile>
    <ClCompile Include="src\GearJoint.cpp">
      <Filter>src</Filter>
    </ClCompile>
    <ClCompile Include="src\Joint2D.cpp">
      <Filter>src</Filter>
    </ClCompile>
    <ClCompile Include="src\MotorJoint.cpp">
      <Filter>src</Filter>
    </ClCompile>
    <ClCompile Include="src\MouseJoint.cpp">
      <Filter>src</Filter>
    </ClCompile>
    <ClCompile Include="src\PolygonCircleContact.cpp">
      <Filter>src</Filter>
    </ClCompile>
    <ClCompile Include="src\PolygonCollision.cpp">
      <Filter>src</Filter>
    </ClCompile>
    <ClCompile Include="src\PolygonContact.cpp">
      <Filter>src</Filter>
    </ClCompile>
    <ClCompile Include="src\PolygonShape.cpp">
      <Filter>src</Filter>
    </ClCompile>
    <ClCompile Include="src\PrismaticJoint.cpp">
      <Filter>src</Filter>
    </ClCompile>
    <ClCompile Include="src\PullyJoint.cpp">
      <Filter>src</Filter>
    </ClCompile>
    <ClCompile Include="src\RevoluteJoint.cpp">
      <Filter>src</Filter>
    </ClCompile>
    <ClCompile Include="src\RopeJoint.cpp">
      <Filter>src</Filter>
    </ClCompile>
    <ClCompile Include="src\StackAllocator.cpp">
      <Filter>src</Filter>
    </ClCompile>
    <ClCompile Include="src\TimeOfImpact.cpp">
      <Filter>src</Filter>
    </ClCompile>
    <ClCompile Include="src\WeldJoint.cpp">
      <Filter>src</Filter>
    </ClCompile>
    <ClCompile Include="src\WheelJoint.cpp">
      <Filter>src</Filter>
    </ClCompile>
    <ClCompile Include="src\World2D.cpp">
      <Filter>src</Filter>
    </ClCompile>
    <ClCompile Include="src\WorldCallBacks.cpp">
      <Filter>src</Filter>
    </ClCompile>
  </ItemGroup>
</Project>