<?xml version="1.0" encoding="utf-8"?>
<Project ToolsVersion="4.0" xmlns="http://schemas.microsoft.com/developer/msbuild/2003">
  <ItemGroup>
    <Filter Include="inc">
      <UniqueIdentifier>{1F80880B-8B89-887C-1405-9F7C800D947C}</UniqueIdentifier>
    </Filter>
    <Filter Include="src">
      <UniqueIdentifier>{2DAB880B-99B4-887C-2230-9F7C8E38947C}</UniqueIdentifier>
    </Filter>
  </ItemGroup>
  <ItemGroup>
    <ClInclude Include="inc\API.hpp">
      <Filter>inc</Filter>
    </ClInclude>
    <ClInclude Include="inc\Application.hpp">
      <Filter>inc</Filter>
    </ClInclude>
    <ClInclude Include="inc\Argument.hpp">
      <Filter>inc</Filter>
    </ClInclude>
    <ClInclude Include="inc\Asset.hpp">
      <Filter>inc</Filter>
    </ClInclude>
    <ClInclude Include="inc\AssetManager.hpp">
      <Filter>inc</Filter>
    </ClInclude>
    <ClInclude Include="inc\DXBufferHandle.hpp">
      <Filter>inc</Filter>
    </ClInclude>
    <ClInclude Include="inc\DXDevice.hpp">
      <Filter>inc</Filter>
    </ClInclude>
    <ClInclude Include="inc\DXKeyboard.hpp">
      <Filter>inc</Filter>
    </ClInclude>
    <ClInclude Include="inc\DXMouse.hpp">
      <Filter>inc</Filter>
    </ClInclude>
    <ClInclude Include="inc\DXSamplerHandle.hpp">
      <Filter>inc</Filter>
    </ClInclude>
    <ClInclude Include="inc\DXShaderHandle.hpp">
      <Filter>inc</Filter>
    </ClInclude>
    <ClInclude Include="inc\DXTexture2DHandle.hpp">
      <Filter>inc</Filter>
    </ClInclude>
    <ClInclude Include="inc\Engine.hpp">
      <Filter>inc</Filter>
    </ClInclude>
    <ClInclude Include="inc\File.hpp">
      <Filter>inc</Filter>
    </ClInclude>
    <ClInclude Include="inc\GLDevice.hpp">
      <Filter>inc</Filter>
    </ClInclude>
    <ClInclude Include="inc\GLHandle.hpp">
      <Filter>inc</Filter>
    </ClInclude>
    <ClInclude Include="inc\GLKeyboard.hpp">
      <Filter>inc</Filter>
    </ClInclude>
    <ClInclude Include="inc\GLMouse.hpp">
      <Filter>inc</Filter>
    </ClInclude>
    <ClInclude Include="inc\GLShaderHandle.hpp">
      <Filter>inc</Filter>
    </ClInclude>
    <ClInclude Include="inc\GPUException.hpp">
      <Filter>inc</Filter>
    </ClInclude>
    <ClInclude Include="inc\GPUHandle.hpp">
      <Filter>inc</Filter>
    </ClInclude>
    <ClInclude Include="inc\GPUIns.hpp">
      <Filter>inc</Filter>
    </ClInclude>
    <ClInclude Include="inc\GPUProgram.hpp">
      <Filter>inc</Filter>
    </ClInclude>
    <ClInclude Include="inc\GPUResource.hpp">
      <Filter>inc</Filter>
    </ClInclude>
    <ClInclude Include="inc\GPU_ISA.hpp">
      <Filter>inc</Filter>
    </ClInclude>
    <ClInclude Include="inc\GPU_VM.hpp">
      <Filter>inc</Filter>
    </ClInclude>
    <ClInclude Include="inc\Geometry.hpp">
      <Filter>inc</Filter>
    </ClInclude>
    <ClInclude Include="inc\Globals.hpp">
      <Filter>inc</Filter>
    </ClInclude>
    <ClInclude Include="inc\IGXDevice.hpp">
      <Filter>inc</Filter>
    </ClInclude>
    <ClInclude Include="inc\ISet.hpp">
      <Filter>inc</Filter>
    </ClInclude>
    <ClInclude Include="inc\Image.hpp">
      <Filter>inc</Filter>
    </ClInclude>
    <ClInclude Include="inc\IndexBuffer.hpp">
      <Filter>inc</Filter>
    </ClInclude>
    <ClInclude Include="inc\IndexSet.hpp">
      <Filter>inc</Filter>
    </ClInclude>
    <ClInclude Include="inc\Infrastructure.hpp">
      <Filter>inc</Filter>
    </ClInclude>
    <ClInclude Include="inc\InputDevice.hpp">
      <Filter>inc</Filter>
    </ClInclude>
    <ClInclude Include="inc\Keyboard.hpp">
      <Filter>inc</Filter>
    </ClInclude>
    <ClInclude Include="inc\MemoryElement.hpp">
      <Filter>inc</Filter>
    </ClInclude>
    <ClInclude Include="inc\MemoryLayout.hpp">
      <Filter>inc</Filter>
    </ClInclude>
    <ClInclude Include="inc\Mouse.hpp">
      <Filter>inc</Filter>
    </ClInclude>
    <ClInclude Include="inc\OS.hpp">
      <Filter>inc</Filter>
    </ClInclude>
    <ClInclude Include="inc\Object.hpp">
      <Filter>inc</Filter>
    </ClInclude>
    <ClInclude Include="inc\Pixel.hpp">
      <Filter>inc</Filter>
    </ClInclude>
    <ClInclude Include="inc\Primitive.hpp">
      <Filter>inc</Filter>
    </ClInclude>
    <ClInclude Include="inc\RAMBuffer.hpp">
      <Filter>inc</Filter>
    </ClInclude>
    <ClInclude Include="inc\ResourceLoader.hpp">
      <Filter>inc</Filter>
    </ClInclude>
    <ClInclude Include="inc\SamplerState.hpp">
      <Filter>inc</Filter>
    </ClInclude>
    <ClInclude Include="inc\ServiceException.hpp">
      <Filter>inc</Filter>
    </ClInclude>
    <ClInclude Include="inc\Services.hpp">
      <Filter>inc</Filter>
    </ClInclude>
    <ClInclude Include="inc\SoundDevice.hpp">
      <Filter>inc</Filter>
    </ClInclude>
    <ClInclude Include="inc\SoundEffect.hpp">
      <Filter>inc</Filter>
    </ClInclude>
    <ClInclude Include="inc\Texture.hpp">
      <Filter>inc</Filter>
    </ClInclude>
    <ClInclude Include="inc\Texture2D.hpp">
      <Filter>inc</Filter>
    </ClInclude>
    <ClInclude Include="inc\TimeManager.hpp">
      <Filter>inc</Filter>
    </ClInclude>
    <ClInclude Include="inc\TimeStep.hpp">
      <Filter>inc</Filter>
    </ClInclude>
    <ClInclude Include="inc\UniformBuffer.hpp">
      <Filter>inc</Filter>
    </ClInclude>
    <ClInclude Include="inc\Utils.hpp">
      <Filter>inc</Filter>
    </ClInclude>
    <ClInclude Include="inc\Vertex2DPos.hpp">
      <Filter>inc</Filter>
    </ClInclude>
    <ClInclude Include="inc\Vertex2DPosColor.hpp">
      <Filter>inc</Filter>
    </ClInclude>
    <ClInclude Include="inc\Vertex2DPosColorTex.hpp">
      <Filter>inc</Filter>
    </ClInclude>
    <ClInclude Include="inc\VertexBuffer.hpp">
      <Filter>inc</Filter>
    </ClInclude>
    <ClInclude Include="inc\VertexSet.hpp">
      <Filter>inc</Filter>
    </ClInclude>
    <ClInclude Include="inc\Win32.hpp">
      <Filter>inc</Filter>
    </ClInclude>
    <ClInclude Include="inc\Window.hpp">
      <Filter>inc</Filter>
    </ClInclude>
  </ItemGroup>
  <ItemGroup>
    <ClCompile Include="src\Application.cpp">
      <Filter>src</Filter>
    </ClCompile>
    <ClCompile Include="src\AssetManager.cpp">
      <Filter>src</Filter>
    </ClCompile>
    <ClCompile Include="src\DXDevice.cpp">
      <Filter>src</Filter>
    </ClCompile>
    <ClCompile Include="src\DXKeyboard.cpp">
      <Filter>src</Filter>
    </ClCompile>
    <ClCompile Include="src\DXMouse.cpp">
      <Filter>src</Filter>
    </ClCompile>
    <ClCompile Include="src\Engine.cpp">
      <Filter>src</Filter>
    </ClCompile>
    <ClCompile Include="src\File.cpp">
      <Filter>src</Filter>
    </ClCompile>
    <ClCompile Include="src\GLDevice.cpp">
      <Filter>src</Filter>
    </ClCompile>
    <ClCompile Include="src\GLKeyboard.cpp">
      <Filter>src</Filter>
    </ClCompile>
    <ClCompile Include="src\GLMouse.cpp">
      <Filter>src</Filter>
    </ClCompile>
    <ClCompile Include="src\GPUProgram.cpp">
      <Filter>src</Filter>
    </ClCompile>
    <ClCompile Include="src\GPU_VM.cpp">
      <Filter>src</Filter>
    </ClCompile>
    <ClCompile Include="src\Globals.cpp">
      <Filter>src</Filter>
    </ClCompile>
    <ClCompile Include="src\IGXDevice.cpp">
      <Filter>src</Filter>
    </ClCompile>
    <ClCompile Include="src\Image.cpp">
      <Filter>src</Filter>
    </ClCompile>
    <ClCompile Include="src\Keyboard.cpp">
      <Filter>src</Filter>
    </ClCompile>
    <ClCompile Include="src\MemoryLayout.cpp">
      <Filter>src</Filter>
    </ClCompile>
    <ClCompile Include="src\Mouse.cpp">
      <Filter>src</Filter>
    </ClCompile>
    <ClCompile Include="src\Object.cpp">
      <Filter>src</Filter>
    </ClCompile>
    <ClCompile Include="src\RAMBuffer.cpp">
      <Filter>src</Filter>
    </ClCompile>
    <ClCompile Include="src\ResourceLoader.cpp">
      <Filter>src</Filter>
    </ClCompile>
    <ClCompile Include="src\SamplerState.cpp">
      <Filter>src</Filter>
    </ClCompile>
    <ClCompile Include="src\Services.cpp">
      <Filter>src</Filter>
    </ClCompile>
    <ClCompile Include="src\SoundEffect.cpp">
      <Filter>src</Filter>
    </ClCompile>
    <ClCompile Include="src\Texture.cpp">
      <Filter>src</Filter>
    </ClCompile>
    <ClCompile Include="src\Texture2D.cpp">
      <Filter>src</Filter>
    </ClCompile>
    <ClCompile Include="src\TimeManager.cpp">
      <Filter>src</Filter>
    </ClCompile>
    <ClCompile Include="src\UniformBuffer.cpp">
      <Filter>src</Filter>
    </ClCompile>
    <ClCompile Include="src\Win32.cpp">
      <Filter>src</Filter>
    </ClCompile>
    <ClCompile Include="src\Window.cpp">
      <Filter>src</Filter>
    </ClCompile>
  </ItemGroup>
</Project>